
Microsoft Visual Studio Solution File, Format Version 12.00
# Visual Studio Version 16
VisualStudioVersion = 16.0.31205.134
MinimumVisualStudioVersion = 10.0.40219.1
Project("{8BC9CEB8-8B4A-11D0-8D11-00A0C91BC942}") = "Project3", "Project3.vcxproj", "{EA9ED420-B15B-4B1D-8433-688F1B8B46A3}"
EndProject
Global
	GlobalSection(SolutionConfigurationPlatforms) = preSolution
		Debug|x64 = Debug|x64
		Debug|x86 = Debug|x86
		Release|x64 = Release|x64
		Release|x86 = Release|x86
	EndGlobalSection
	GlobalSection(ProjectConfigurationPlatforms) = postSolution
		{EA9ED420-B15B-4B1D-8433-688F1B8B46A3}.Debug|x64.ActiveCfg = Debug|x64
		{EA9ED420-B15B-4B1D-8433-688F1B8B46A3}.Debug|x64.Build.0 = Debug|x64
		{EA9ED420-B15B-4B1D-8433-688F1B8B46A3}.Debug|x86.ActiveCfg = Debug|Win32
		{EA9ED420-B15B-4B1D-8433-688F1B8B46A3}.Debug|x86.Build.0 = Debug|Win32
		{EA9ED420-B15B-4B1D-8433-688F1B8B46A3}.Release|x64.ActiveCfg = Release|x64
		{EA9ED420-B15B-4B1D-8433-688F1B8B46A3}.Release|x64.Build.0 = Release|x64
		{EA9ED420-B15B-4B1D-8433-688F1B8B46A3}.Release|x86.ActiveCfg = Release|Win32
		{EA9ED420-B15B-4B1D-8433-688F1B8B46A3}.Release|x86.Build.0 = Release|Win32
	EndGlobalSection
	GlobalSection(SolutionProperties) = preSolution
		HideSolutionNode = FALSE
	EndGlobalSection
	GlobalSection(ExtensibilityGlobals) = postSolution
		SolutionGuid = {100BBD94-A709-4918-B6C6-AFE6BD9AE4C2}
	EndGlobalSection
EndGlobal
